
Microsoft Visual Studio Solution File, Format Version 12.00
# Visual Studio Version 17
VisualStudioVersion = 17.5.002.0
MinimumVisualStudioVersion = 10.0.40219.1
Project("{9A19103F-16F7-4668-BE54-9A1E7A4F7556}") = "FishSyncClient", "src\FishSyncClient.csproj", "{B17EADE6-CCD7-4C68-9B6F-0480092B1C1E}"
EndProject
Project("{FAE04EC0-301F-11D3-BF4B-00C04F79EFBC}") = "benchmark", "benchmark\benchmark.csproj", "{E6EED2EC-9E67-4AB6-B88D-9D938199D4B2}"
EndProject
Project("{FAE04EC0-301F-11D3-BF4B-00C04F79EFBC}") = "FishSyncClientTest", "test\FishSyncClientTest.csproj", "{D3AED40B-549F-4698-92CF-08FA68B7AEF2}"
EndProject
Global
	GlobalSection(SolutionConfigurationPlatforms) = preSolution
		Debug|Any CPU = Debug|Any CPU
		Release|Any CPU = Release|Any CPU
	EndGlobalSection
	GlobalSection(ProjectConfigurationPlatforms) = postSolution
		{B17EADE6-CCD7-4C68-9B6F-0480092B1C1E}.Debug|Any CPU.ActiveCfg = Debug|Any CPU
		{B17EADE6-CCD7-4C68-9B6F-0480092B1C1E}.Debug|Any CPU.Build.0 = Debug|Any CPU
		{B17EADE6-CCD7-4C68-9B6F-0480092B1C1E}.Release|Any CPU.ActiveCfg = Release|Any CPU
		{B17EADE6-CCD7-4C68-9B6F-0480092B1C1E}.Release|Any CPU.Build.0 = Release|Any CPU
		{E6EED2EC-9E67-4AB6-B88D-9D938199D4B2}.Debug|Any CPU.ActiveCfg = Debug|Any CPU
		{E6EED2EC-9E67-4AB6-B88D-9D938199D4B2}.Debug|Any CPU.Build.0 = Debug|Any CPU
		{E6EED2EC-9E67-4AB6-B88D-9D938199D4B2}.Release|Any CPU.ActiveCfg = Release|Any CPU
		{E6EED2EC-9E67-4AB6-B88D-9D938199D4B2}.Release|Any CPU.Build.0 = Release|Any CPU
		{D3AED40B-549F-4698-92CF-08FA68B7AEF2}.Debug|Any CPU.ActiveCfg = Debug|Any CPU
		{D3AED40B-549F-4698-92CF-08FA68B7AEF2}.Debug|Any CPU.Build.0 = Debug|Any CPU
		{D3AED40B-549F-4698-92CF-08FA68B7AEF2}.Release|Any CPU.ActiveCfg = Release|Any CPU
		{D3AED40B-549F-4698-92CF-08FA68B7AEF2}.Release|Any CPU.Build.0 = Release|Any CPU
	EndGlobalSection
	GlobalSection(SolutionProperties) = preSolution
		HideSolutionNode = FALSE
	EndGlobalSection
	GlobalSection(ExtensibilityGlobals) = postSolution
		SolutionGuid = {7E298C78-DA60-460B-9E9F-E2D7303B16D6}
	EndGlobalSection
EndGlobal
